{
  "version": 4,
  "terraform_version": "1.3.4",
  "serial": 10,
  "lineage": "e50c85a0-6b22-dbc1-44d6-3e73f6b7fccc",
  "outputs": {},
  "resources": [
    {
      "mode": "data",
      "type": "archive_file",
      "name": "lambda",
      "provider": "provider[\"registry.terraform.io/hashicorp/archive\"]",
      "instances": [
        {
          "schema_version": 0,
          "attributes": {
            "excludes": null,
            "id": "4acf733238302e8a45024f4044eecc2188f715d7",
            "output_base64sha256": "48fZjC4Ada+TjKSBWP14esNhuspK2zIGGtYtP9Hnyk8=",
            "output_md5": "26d1237744b26e6abbafc1dae9b7e656",
            "output_path": "./python/main.py.zip",
            "output_sha": "4acf733238302e8a45024f4044eecc2188f715d7",
            "output_size": 1039,
            "source": [],
            "source_content": null,
            "source_content_filename": null,
            "source_dir": null,
            "source_file": "./python/main.py",
            "type": "zip"
          },
          "sensitive_attributes": []
        }
      ]
    },
    {
      "mode": "managed",
      "type": "aws_cloudwatch_event_rule",
      "name": "minitues",
      "provider": "provider[\"registry.terraform.io/hashicorp/aws\"]",
      "instances": [
        {
          "schema_version": 0,
          "attributes": {
            "arn": "arn:aws:events:eu-west-1:733026618622:rule/lambda-aws-ec2-tags-mail-alerts-event-rule",
            "description": "7-00 PM Monday through Fridays",
            "event_bus_name": "default",
            "event_pattern": null,
            "id": "lambda-aws-ec2-tags-mail-alerts-event-rule",
            "is_enabled": true,
            "name": "lambda-aws-ec2-tags-mail-alerts-event-rule",
            "name_prefix": "",
            "role_arn": "",
            "schedule_expression": "cron(0 0 * * ? *)",
            "tags": null,
            "tags_all": {}
          },
          "sensitive_attributes": [],
          "private": "bnVsbA=="
        }
      ]
    },
    {
      "mode": "managed",
      "type": "aws_cloudwatch_event_target",
      "name": "event_target",
      "provider": "provider[\"registry.terraform.io/hashicorp/aws\"]",
      "instances": [
        {
          "schema_version": 1,
          "attributes": {
            "arn": "arn:aws:lambda:eu-west-1:733026618622:function:lambda-aws-ec2-tags-mail-alerts",
            "batch_target": [],
            "dead_letter_config": [],
            "ecs_target": [],
            "event_bus_name": "default",
            "http_target": [],
            "id": "lambda-aws-ec2-tags-mail-alerts-event-rule-lambda",
            "input": "",
            "input_path": "",
            "input_transformer": [],
            "kinesis_target": [],
            "redshift_target": [],
            "retry_policy": [],
            "role_arn": "",
            "rule": "lambda-aws-ec2-tags-mail-alerts-event-rule",
            "run_command_targets": [],
            "sqs_target": [],
            "target_id": "lambda"
          },
          "sensitive_attributes": [],
          "private": "eyJzY2hlbWFfdmVyc2lvbiI6IjEifQ==",
          "dependencies": [
            "aws_cloudwatch_event_rule.minitues",
            "aws_iam_role.iam_for_lambda",
            "aws_lambda_function.lambdaFn"
          ]
        }
      ]
    },
    {
      "mode": "managed",
      "type": "aws_iam_policy",
      "name": "policy",
      "provider": "provider[\"registry.terraform.io/hashicorp/aws\"]",
      "instances": [
        {
          "schema_version": 0,
          "attributes": {
            "arn": "arn:aws:iam::733026618622:policy/lambda-aws-ec2-tags-mail-alerts-iamrole-policy",
            "description": "lambda-aws-ec2-tags-mail-alerts iamrole policy",
            "id": "arn:aws:iam::733026618622:policy/lambda-aws-ec2-tags-mail-alerts-iamrole-policy",
            "name": "lambda-aws-ec2-tags-mail-alerts-iamrole-policy",
            "name_prefix": null,
            "path": "/",
            "policy": "{\"Statement\":[{\"Action\":[\"logs:CreateLogGroup\",\"logs:CreateLogStream\",\"logs:PutLogEvents\"],\"Effect\":\"Allow\",\"Resource\":\"arn:aws:logs:*:*:*\"},{\"Action\":[\"ses:SendEmail\",\"ses:SendRawEmail\",\"ec2:DescribeInsta*\",\"cloudwatch:*\",\"events:*\"],\"Effect\":\"Allow\",\"Resource\":\"*\"}],\"Version\":\"2012-10-17\"}",
            "policy_id": "ANPA2VK6KRT7C2HGWQWCV",
            "tags": null,
            "tags_all": {}
          },
          "sensitive_attributes": [],
          "private": "bnVsbA=="
        }
      ]
    },
    {
      "mode": "managed",
      "type": "aws_iam_role",
      "name": "iam_for_lambda",
      "provider": "provider[\"registry.terraform.io/hashicorp/aws\"]",
      "instances": [
        {
          "schema_version": 0,
          "attributes": {
            "arn": "arn:aws:iam::733026618622:role/lambda-aws-ec2-tags-mail-alerts-iam-rule",
            "assume_role_policy": "{\"Statement\":[{\"Action\":\"sts:AssumeRole\",\"Effect\":\"Allow\",\"Principal\":{\"Service\":\"lambda.amazonaws.com\"},\"Sid\":\"\"}],\"Version\":\"2012-10-17\"}",
            "create_date": "2023-01-13T21:25:19Z",
            "description": "",
            "force_detach_policies": false,
            "id": "lambda-aws-ec2-tags-mail-alerts-iam-rule",
            "inline_policy": [],
            "managed_policy_arns": [],
            "max_session_duration": 3600,
            "name": "lambda-aws-ec2-tags-mail-alerts-iam-rule",
            "name_prefix": "",
            "path": "/",
            "permissions_boundary": null,
            "tags": null,
            "tags_all": {},
            "unique_id": "AROA2VK6KRT7OAGJ5UKYN"
          },
          "sensitive_attributes": [],
          "private": "bnVsbA=="
        }
      ]
    },
    {
      "mode": "managed",
      "type": "aws_iam_role_policy_attachment",
      "name": "attach",
      "provider": "provider[\"registry.terraform.io/hashicorp/aws\"]",
      "instances": [
        {
          "schema_version": 0,
          "attributes": {
            "id": "lambda-aws-ec2-tags-mail-alerts-iam-rule-20230113212520904900000001",
            "policy_arn": "arn:aws:iam::733026618622:policy/lambda-aws-ec2-tags-mail-alerts-iamrole-policy",
            "role": "lambda-aws-ec2-tags-mail-alerts-iam-rule"
          },
          "sensitive_attributes": [],
          "private": "bnVsbA==",
          "dependencies": [
            "aws_iam_policy.policy",
            "aws_iam_role.iam_for_lambda"
          ]
        }
      ]
    },
    {
      "mode": "managed",
      "type": "aws_lambda_function",
      "name": "lambdaFn",
      "provider": "provider[\"registry.terraform.io/hashicorp/aws\"]",
      "instances": [
        {
          "schema_version": 0,
          "attributes": {
            "architectures": [
              "x86_64"
            ],
            "arn": "arn:aws:lambda:eu-west-1:733026618622:function:lambda-aws-ec2-tags-mail-alerts",
            "code_signing_config_arn": "",
            "dead_letter_config": [],
            "description": "",
            "environment": [
              {
                "variables": {
                  "fromAddress": "vijay@cloudnloud.com",
                  "region": "eu-west-1"
                }
              }
            ],
            "ephemeral_storage": [
              {
                "size": 512
              }
            ],
            "file_system_config": [],
            "filename": "./python/main.py.zip",
            "function_name": "lambda-aws-ec2-tags-mail-alerts",
            "handler": "main.lambda_handler",
            "id": "lambda-aws-ec2-tags-mail-alerts",
            "image_config": [],
            "image_uri": "",
            "invoke_arn": "arn:aws:apigateway:eu-west-1:lambda:path/2015-03-31/functions/arn:aws:lambda:eu-west-1:733026618622:function:lambda-aws-ec2-tags-mail-alerts/invocations",
            "kms_key_arn": "",
            "last_modified": "2023-01-13T21:25:36.651+0000",
            "layers": null,
            "memory_size": 128,
            "package_type": "Zip",
            "publish": false,
            "qualified_arn": "arn:aws:lambda:eu-west-1:733026618622:function:lambda-aws-ec2-tags-mail-alerts:$LATEST",
            "qualified_invoke_arn": "arn:aws:apigateway:eu-west-1:lambda:path/2015-03-31/functions/arn:aws:lambda:eu-west-1:733026618622:function:lambda-aws-ec2-tags-mail-alerts:$LATEST/invocations",
            "reserved_concurrent_executions": -1,
            "role": "arn:aws:iam::733026618622:role/lambda-aws-ec2-tags-mail-alerts-iam-rule",
            "runtime": "python3.8",
            "s3_bucket": null,
            "s3_key": null,
            "s3_object_version": null,
            "signing_job_arn": "",
            "signing_profile_version_arn": "",
            "snap_start": [],
            "source_code_hash": "48fZjC4Ada+TjKSBWP14esNhuspK2zIGGtYtP9Hnyk8=",
            "source_code_size": 1039,
            "tags": null,
            "tags_all": {},
            "timeout": 3,
            "timeouts": null,
            "tracing_config": [
              {
                "mode": "PassThrough"
              }
            ],
            "version": "$LATEST",
            "vpc_config": []
          },
          "sensitive_attributes": [],
          "private": "eyJlMmJmYjczMC1lY2FhLTExZTYtOGY4OC0zNDM2M2JjN2M0YzAiOnsiY3JlYXRlIjo2MDAwMDAwMDAwMDB9fQ==",
          "dependencies": [
            "aws_iam_role.iam_for_lambda"
          ]
        }
      ]
    },
    {
      "mode": "managed",
      "type": "aws_lambda_permission",
      "name": "allow_cloudwatch_to_call_check_foo",
      "provider": "provider[\"registry.terraform.io/hashicorp/aws\"]",
      "instances": [
        {
          "schema_version": 0,
          "attributes": {
            "action": "lambda:InvokeFunction",
            "event_source_token": null,
            "function_name": "lambda-aws-ec2-tags-mail-alerts",
            "function_url_auth_type": null,
            "id": "AllowExecutionFromCloudWatch",
            "principal": "events.amazonaws.com",
            "principal_org_id": null,
            "qualifier": "",
            "source_account": null,
            "source_arn": "arn:aws:events:eu-west-1:733026618622:rule/lambda-aws-ec2-tags-mail-alerts-event-rule",
            "statement_id": "AllowExecutionFromCloudWatch",
            "statement_id_prefix": ""
          },
          "sensitive_attributes": [],
          "private": "bnVsbA==",
          "dependencies": [
            "aws_cloudwatch_event_rule.minitues",
            "aws_iam_role.iam_for_lambda",
            "aws_lambda_function.lambdaFn"
          ]
        }
      ]
    },
    {
      "mode": "managed",
      "type": "aws_ses_email_identity",
      "name": "example",
      "provider": "provider[\"registry.terraform.io/hashicorp/aws\"]",
      "instances": [
        {
          "schema_version": 0,
          "attributes": {
            "arn": "arn:aws:ses:eu-west-1:733026618622:identity/email@example.com",
            "email": "email@example.com",
            "id": "email@example.com"
          },
          "sensitive_attributes": [],
          "private": "bnVsbA=="
        }
      ]
    },
    {
      "mode": "managed",
      "type": "aws_ses_email_identity",
      "name": "ses",
      "provider": "provider[\"registry.terraform.io/hashicorp/aws\"]",
      "instances": [
        {
          "schema_version": 0,
          "attributes": {
            "arn": "arn:aws:ses:eu-west-1:733026618622:identity/vijay@cloudnloud.com",
            "email": "vijay@cloudnloud.com",
            "id": "vijay@cloudnloud.com"
          },
          "sensitive_attributes": [],
          "private": "bnVsbA=="
        }
      ]
    }
  ],
  "check_results": null
}
